// !$*UTF8*$!
{
	archiveVersion = 1;
	classes = {
	};
	objectVersion = 46;
	objects = {

/* Begin PBXBuildFile section */
		83C31B7B1E173121009B66B2 /* main.m in Sources */ = {isa = PBXBuildFile; fileRef = 83C31B7A1E173121009B66B2 /* main.m */; };
		83C31B7E1E173122009B66B2 /* AppDelegate.m in Sources */ = {isa = PBXBuildFile; fileRef = 83C31B7D1E173122009B66B2 /* AppDelegate.m */; };
		83C31B811E173122009B66B2 /* ViewController.m in Sources */ = {isa = PBXBuildFile; fileRef = 83C31B801E173122009B66B2 /* ViewController.m */; };
		83C31B841E173122009B66B2 /* Main.storyboard in Resources */ = {isa = PBXBuildFile; fileRef = 83C31B821E173122009B66B2 /* Main.storyboard */; };
		83C31B861E173122009B66B2 /* Assets.xcassets in Resources */ = {isa = PBXBuildFile; fileRef = 83C31B851E173122009B66B2 /* Assets.xcassets */; };
		83C31B891E173122009B66B2 /* LaunchScreen.storyboard in Resources */ = {isa = PBXBuildFile; fileRef = 83C31B871E173122009B66B2 /* LaunchScreen.storyboard */; };
		83C31B941E173122009B66B2 /* FlightTrackerTests.m in Sources */ = {isa = PBXBuildFile; fileRef = 83C31B931E173122009B66B2 /* FlightTrackerTests.m */; };
		83C31B9F1E173122009B66B2 /* FlightTrackerUITests.m in Sources */ = {isa = PBXBuildFile; fileRef = 83C31B9E1E173122009B66B2 /* FlightTrackerUITests.m */; };
/* End PBXBuildFile section */

/* Begin PBXContainerItemProxy section */
		83C31B901E173122009B66B2 /* PBXContainerItemProxy */ = {
			isa = PBXContainerItemProxy;
			containerPortal = 83C31B6E1E173121009B66B2 /* Project object */;
			proxyType = 1;
			remoteGlobalIDString = 83C31B751E173121009B66B2;
			remoteInfo = FlightTracker;
		};
		83C31B9B1E173122009B66B2 /* PBXContainerItemProxy */ = {
			isa = PBXContainerItemProxy;
			containerPortal = 83C31B6E1E173121009B66B2 /* Project object */;
			proxyType = 1;
			remoteGlobalIDString = 83C31B751E173121009B66B2;
			remoteInfo = FlightTracker;
		};
/* End PBXContainerItemProxy section */

/* Begin PBXFileReference section */
		83C31B761E173121009B66B2 /* FlightTracker.app */ = {isa = PBXFileReference; explicitFileType = wrapper.application; includeInIndex = 0; path = FlightTracker.app; sourceTree = BUILT_PRODUCTS_DIR; };
		83C31B7A1E173121009B66B2 /* main.m */ = {isa = PBXFileReference; lastKnownFileType = sourcecode.c.objc; path = main.m; sourceTree = "<group>"; };
		83C31B7C1E173121009B66B2 /* AppDelegate.h */ = {isa = PBXFileReference; lastKnownFileType = sourcecode.c.h; path = AppDelegate.h; sourceTree = "<group>"; };
		83C31B7D1E173122009B66B2 /* AppDelegate.m */ = {isa = PBXFileReference; lastKnownFileType = sourcecode.c.objc; path = AppDelegate.m; sourceTree = "<group>"; };
		83C31B7F1E173122009B66B2 /* ViewController.h */ = {isa = PBXFileReference; lastKnownFileType = sourcecode.c.h; path = ViewController.h; sourceTree = "<group>"; };
		83C31B801E173122009B66B2 /* ViewController.m */ = {isa = PBXFileReference; lastKnownFileType = sourcecode.c.objc; path = ViewController.m; sourceTree = "<group>"; };
		83C31B831E173122009B66B2 /* Base */ = {isa = PBXFileReference; lastKnownFileType = file.storyboard; name = Base; path = Base.lproj/Main.storyboard; sourceTree = "<group>"; };
		83C31B851E173122009B66B2 /* Assets.xcassets */ = {isa = PBXFileReference; lastKnownFileType = folder.assetcatalog; path = Assets.xcassets; sourceTree = "<group>"; };
		83C31B881E173122009B66B2 /* Base */ = {isa = PBXFileReference; lastKnownFileType = file.storyboard; name = Base; path = Base.lproj/LaunchScreen.storyboard; sourceTree = "<group>"; };
		83C31B8A1E173122009B66B2 /* Info.plist */ = {isa = PBXFileReference; lastKnownFileType = text.plist.xml; path = Info.plist; sourceTree = "<group>"; };
		83C31B8F1E173122009B66B2 /* FlightTrackerTests.xctest */ = {isa = PBXFileReference; explicitFileType = wrapper.cfbundle; includeInIndex = 0; path = FlightTrackerTests.xctest; sourceTree = BUILT_PRODUCTS_DIR; };
		83C31B931E173122009B66B2 /* FlightTrackerTests.m */ = {isa = PBXFileReference; lastKnownFileType = sourcecode.c.objc; path = FlightTrackerTests.m; sourceTree = "<group>"; };
		83C31B951E173122009B66B2 /* Info.plist */ = {isa = PBXFileReference; lastKnownFileType = text.plist.xml; path = Info.plist; sourceTree = "<group>"; };
		83C31B9A1E173122009B66B2 /* FlightTrackerUITests.xctest */ = {isa = PBXFileReference; explicitFileType = wrapper.cfbundle; includeInIndex = 0; path = FlightTrackerUITests.xctest; sourceTree = BUILT_PRODUCTS_DIR; };
		83C31B9E1E173122009B66B2 /* FlightTrackerUITests.m */ = {isa = PBXFileReference; lastKnownFileType = sourcecode.c.objc; path = FlightTrackerUITests.m; sourceTree = "<group>"; };
		83C31BA01E173122009B66B2 /* Info.plist */ = {isa = PBXFileReference; lastKnownFileType = text.plist.xml; path = Info.plist; sourceTree = "<group>"; };
/* End PBXFileReference section */

/* Begin PBXFrameworksBuildPhase section */
		83C31B731E173121009B66B2 /* Frameworks */ = {
			isa = PBXFrameworksBuildPhase;
			buildActionMask = 2147483647;
			files = (
			);
			runOnlyForDeploymentPostprocessing = 0;
		};
		83C31B8C1E173122009B66B2 /* Frameworks */ = {
			isa = PBXFrameworksBuildPhase;
			buildActionMask = 2147483647;
			files = (
			);
			runOnlyForDeploymentPostprocessing = 0;
		};
		83C31B971E173122009B66B2 /* Frameworks */ = {
			isa = PBXFrameworksBuildPhase;
			buildActionMask = 2147483647;
			files = (
			);
			runOnlyForDeploymentPostprocessing = 0;
		};
/* End PBXFrameworksBuildPhase section */

/* Begin PBXGroup section */
		83C31B6D1E173121009B66B2 = {
			isa = PBXGroup;
			children = (
				83C31B781E173121009B66B2 /* FlightTracker */,
				83C31B921E173122009B66B2 /* FlightTrackerTests */,
				83C31B9D1E173122009B66B2 /* FlightTrackerUITests */,
				83C31B771E173121009B66B2 /* Products */,
			);
			sourceTree = "<group>";
		};
		83C31B771E173121009B66B2 /* Products */ = {
			isa = PBXGroup;
			children = (
				83C31B761E173121009B66B2 /* FlightTracker.app */,
				83C31B8F1E173122009B66B2 /* FlightTrackerTests.xctest */,
				83C31B9A1E173122009B66B2 /* FlightTrackerUITests.xctest */,
			);
			name = Products;
			sourceTree = "<group>";
		};
		83C31B781E173121009B66B2 /* FlightTracker */ = {
			isa = PBXGroup;
			children = (
				83C31B7C1E173121009B66B2 /* AppDelegate.h */,
				83C31B7D1E173122009B66B2 /* AppDelegate.m */,
				83C31B7F1E173122009B66B2 /* ViewController.h */,
				83C31B801E173122009B66B2 /* ViewController.m */,
				83C31B821E173122009B66B2 /* Main.storyboard */,
				83C31B851E173122009B66B2 /* Assets.xcassets */,
				83C31B871E173122009B66B2 /* LaunchScreen.storyboard */,
				83C31B8A1E173122009B66B2 /* Info.plist */,
				83C31B791E173121009B66B2 /* Supporting Files */,
			);
			path = FlightTracker;
			sourceTree = "<group>";
		};
		83C31B791E173121009B66B2 /* Supporting Files */ = {
			isa = PBXGroup;
			children = (
				83C31B7A1E173121009B66B2 /* main.m */,
			);
			name = "Supporting Files";
			sourceTree = "<group>";
		};
		83C31B921E173122009B66B2 /* FlightTrackerTests */ = {
			isa = PBXGroup;
			children = (
				83C31B931E173122009B66B2 /* FlightTrackerTests.m */,
				83C31B951E173122009B66B2 /* Info.plist */,
			);
			path = FlightTrackerTests;
			sourceTree = "<group>";
		};
		83C31B9D1E173122009B66B2 /* FlightTrackerUITests */ = {
			isa = PBXGroup;
			children = (
				83C31B9E1E173122009B66B2 /* FlightTrackerUITests.m */,
				83C31BA01E173122009B66B2 /* Info.plist */,
			);
			path = FlightTrackerUITests;
			sourceTree = "<group>";
		};
/* End PBXGroup section */

/* Begin PBXNativeTarget section */
		83C31B751E173121009B66B2 /* FlightTracker */ = {
			isa = PBXNativeTarget;
			buildConfigurationList = 83C31BA31E173122009B66B2 /* Build configuration list for PBXNativeTarget "FlightTracker" */;
			buildPhases = (
				83C31B721E173121009B66B2 /* Sources */,
				83C31B731E173121009B66B2 /* Frameworks */,
				83C31B741E173121009B66B2 /* Resources */,
			);
			buildRules = (
			);
			dependencies = (
			);
			name = FlightTracker;
			productName = FlightTracker;
			productReference = 83C31B761E173121009B66B2 /* FlightTracker.app */;
			productType = "com.apple.product-type.application";
		};
		83C31B8E1E173122009B66B2 /* FlightTrackerTests */ = {
			isa = PBXNativeTarget;
			buildConfigurationList = 83C31BA61E173122009B66B2 /* Build configuration list for PBXNativeTarget "FlightTrackerTests" */;
			buildPhases = (
				83C31B8B1E173122009B66B2 /* Sources */,
				83C31B8C1E173122009B66B2 /* Frameworks */,
				83C31B8D1E173122009B66B2 /* Resources */,
			);
			buildRules = (
			);
			dependencies = (
				83C31B911E173122009B66B2 /* PBXTargetDependency */,
			);
			name = FlightTrackerTests;
			productName = FlightTrackerTests;
			productReference = 83C31B8F1E173122009B66B2 /* FlightTrackerTests.xctest */;
			productType = "com.apple.product-type.bundle.unit-test";
		};
		83C31B991E173122009B66B2 /* FlightTrackerUITests */ = {
			isa = PBXNativeTarget;
			buildConfigurationList = 83C31BA91E173122009B66B2 /* Build configuration list for PBXNativeTarget "FlightTrackerUITests" */;
			buildPhases = (
				83C31B961E173122009B66B2 /* Sources */,
				83C31B971E173122009B66B2 /* Frameworks */,
				83C31B981E173122009B66B2 /* Resources */,
			);
			buildRules = (
			);
			dependencies = (
				83C31B9C1E173122009B66B2 /* PBXTargetDependency */,
			);
			name = FlightTrackerUITests;
			productName = FlightTrackerUITests;
			productReference = 83C31B9A1E173122009B66B2 /* FlightTrackerUITests.xctest */;
			productType = "com.apple.product-type.bundle.ui-testing";
		};
/* End PBXNativeTarget section */

/* Begin PBXProject section */
		83C31B6E1E173121009B66B2 /* Project object */ = {
			isa = PBXProject;
			attributes = {
				LastUpgradeCheck = 0820;
				ORGANIZATIONNAME = "Suvayan Roy";
				TargetAttributes = {
					83C31B751E173121009B66B2 = {
						CreatedOnToolsVersion = 8.2.1;
						ProvisioningStyle = Automatic;
					};
					83C31B8E1E173122009B66B2 = {
						CreatedOnToolsVersion = 8.2.1;
						ProvisioningStyle = Automatic;
						TestTargetID = 83C31B751E173121009B66B2;
					};
					83C31B991E173122009B66B2 = {
						CreatedOnToolsVersion = 8.2.1;
						ProvisioningStyle = Automatic;
						TestTargetID = 83C31B751E173121009B66B2;
					};
				};
			};
			buildConfigurationList = 83C31B711E173121009B66B2 /* Build configuration list for PBXProject "FlightTracker" */;
			compatibilityVersion = "Xcode 3.2";
			developmentRegion = English;
			hasScannedForEncodings = 0;
			knownRegions = (
				en,
				Base,
			);
			mainGroup = 83C31B6D1E173121009B66B2;
			productRefGroup = 83C31B771E173121009B66B2 /* Products */;
			projectDirPath = "";
			projectRoot = "";
			targets = (
				83C31B751E173121009B66B2 /* FlightTracker */,
				83C31B8E1E173122009B66B2 /* FlightTrackerTests */,
				83C31B991E173122009B66B2 /* FlightTrackerUITests */,
			);
		};
/* End PBXProject section */

/* Begin PBXResourcesBuildPhase section */
		83C31B741E173121009B66B2 /* Resources */ = {
			isa = PBXResourcesBuildPhase;
			buildActionMask = 2147483647;
			files = (
				83C31B891E173122009B66B2 /* LaunchScreen.storyboard in Resources */,
				83C31B861E173122009B66B2 /* Assets.xcassets in Resources */,
				83C31B841E173122009B66B2 /* Main.storyboard in Resources */,
			);
			runOnlyForDeploymentPostprocessing = 0;
		};
		83C31B8D1E173122009B66B2 /* Resources */ = {
			isa = PBXResourcesBuildPhase;
			buildActionMask = 2147483647;
			files = (
			);
			runOnlyForDeploymentPostprocessing = 0;
		};
		83C31B981E173122009B66B2 /* Resources */ = {
			isa = PBXResourcesBuildPhase;
			buildActionMask = 2147483647;
			files = (
			);
			runOnlyForDeploymentPostprocessing = 0;
		};
/* End PBXResourcesBuildPhase section */

/* Begin PBXSourcesBuildPhase section */
		83C31B721E173121009B66B2 /* Sources */ = {
			isa = PBXSourcesBuildPhase;
			buildActionMask = 2147483647;
			files = (
				83C31B811E173122009B66B2 /* ViewController.m in Sources */,
				83C31B7E1E173122009B66B2 /* AppDelegate.m in Sources */,
				83C31B7B1E173121009B66B2 /* main.m in Sources */,
			);
			runOnlyForDeploymentPostprocessing = 0;
		};
		83C31B8B1E173122009B66B2 /* Sources */ = {
			isa = PBXSourcesBuildPhase;
			buildActionMask = 2147483647;
			files = (
				83C31B941E173122009B66B2 /* FlightTrackerTests.m in Sources */,
			);
			runOnlyForDeploymentPostprocessing = 0;
		};
		83C31B961E173122009B66B2 /* Sources */ = {
			isa = PBXSourcesBuildPhase;
			buildActionMask = 2147483647;
			files = (
				83C31B9F1E173122009B66B2 /* FlightTrackerUITests.m in Sources */,
			);
			runOnlyForDeploymentPostprocessing = 0;
		};
/* End PBXSourcesBuildPhase section */

/* Begin PBXTargetDependency section */
		83C31B911E173122009B66B2 /* PBXTargetDependency */ = {
			isa = PBXTargetDependency;
			target = 83C31B751E173121009B66B2 /* FlightTracker */;
			targetProxy = 83C31B901E173122009B66B2 /* PBXContainerItemProxy */;
		};
		83C31B9C1E173122009B66B2 /* PBXTargetDependency */ = {
			isa = PBXTargetDependency;
			target = 83C31B751E173121009B66B2 /* FlightTracker */;
			targetProxy = 83C31B9B1E173122009B66B2 /* PBXContainerItemProxy */;
		};
/* End PBXTargetDependency section */

/* Begin PBXVariantGroup section */
		83C31B821E173122009B66B2 /* Main.storyboard */ = {
			isa = PBXVariantGroup;
			children = (
				83C31B831E173122009B66B2 /* Base */,
			);
			name = Main.storyboard;
			sourceTree = "<group>";
		};
		83C31B871E173122009B66B2 /* LaunchScreen.storyboard */ = {
			isa = PBXVariantGroup;
			children = (
				83C31B881E173122009B66B2 /* Base */,
			);
			name = LaunchScreen.storyboard;
			sourceTree = "<group>";
		};
/* End PBXVariantGroup section */

/* Begin XCBuildConfiguration section */
		83C31BA11E173122009B66B2 /* Debug */ = {
			isa = XCBuildConfiguration;
			buildSettings = {
				ALWAYS_SEARCH_USER_PATHS = NO;
				CLANG_ANALYZER_NONNULL = YES;
				CLANG_CXX_LANGUAGE_STANDARD = "gnu++0x";
				CLANG_CXX_LIBRARY = "libc++";
				CLANG_ENABLE_MODULES = YES;
				CLANG_ENABLE_OBJC_ARC = YES;
				CLANG_WARN_BOOL_CONVERSION = YES;
				CLANG_WARN_CONSTANT_CONVERSION = YES;
				CLANG_WARN_DIRECT_OBJC_ISA_USAGE = YES_ERROR;
				CLANG_WARN_DOCUMENTATION_COMMENTS = YES;
				CLANG_WARN_EMPTY_BODY = YES;
				CLANG_WARN_ENUM_CONVERSION = YES;
				CLANG_WARN_INFINITE_RECURSION = YES;
				CLANG_WARN_INT_CONVERSION = YES;
				CLANG_WARN_OBJC_ROOT_CLASS = YES_ERROR;
				CLANG_WARN_SUSPICIOUS_MOVE = YES;
				CLANG_WARN_UNREACHABLE_CODE = YES;
				CLANG_WARN__DUPLICATE_METHOD_MATCH = YES;
				"CODE_SIGN_IDENTITY[sdk=iphoneos*]" = "iPhone Developer";
				COPY_PHASE_STRIP = NO;
				DEBUG_INFORMATION_FORMAT = dwarf;
				ENABLE_STRICT_OBJC_MSGSEND = YES;
				ENABLE_TESTABILITY = YES;
				GCC_C_LANGUAGE_STANDARD = gnu99;
				GCC_DYNAMIC_NO_PIC = NO;
				GCC_NO_COMMON_BLOCKS = YES;
				GCC_OPTIMIZATION_LEVEL = 0;
				GCC_PREPROCESSOR_DEFINITIONS = (
					"DEBUG=1",
					"$(inherited)",
				);
				GCC_WARN_64_TO_32_BIT_CONVERSION = YES;
				GCC_WARN_ABOUT_RETURN_TYPE = YES_ERROR;
				GCC_WARN_UNDECLARED_SELECTOR = YES;
				GCC_WARN_UNINITIALIZED_AUTOS = YES_AGGRESSIVE;
				GCC_WARN_UNUSED_FUNCTION = YES;
				GCC_WARN_UNUSED_VARIABLE = YES;
				IPHONEOS_DEPLOYMENT_TARGET = 10.2;
				MTL_ENABLE_DEBUG_INFO = YES;
				ONLY_ACTIVE_ARCH = YES;
				SDKROOT = iphoneos;
				TARGETED_DEVICE_FAMILY = "1,2";
			};
			name = Debug;
		};
		83C31BA21E173122009B66B2 /* Release */ = {
			isa = XCBuildConfiguration;
			buildSettings = {
				ALWAYS_SEARCH_USER_PATHS = NO;
				CLANG_ANALYZER_NONNULL = YES;
				CLANG_CXX_LANGUAGE_STANDARD = "gnu++0x";
				CLANG_CXX_LIBRARY = "libc++";
				CLANG_ENABLE_MODULES = YES;
				CLANG_ENABLE_OBJC_ARC = YES;
				CLANG_WARN_BOOL_CONVERSION = YES;
				CLANG_WARN_CONSTANT_CONVERSION = YES;
				CLANG_WARN_DIRECT_OBJC_ISA_USAGE = YES_ERROR;
				CLANG_WARN_DOCUMENTATION_COMMENTS = YES;
				CLANG_WARN_EMPTY_BODY = YES;
				CLANG_WARN_ENUM_CONVERSION = YES;
				CLANG_WARN_INFINITE_RECURSION = YES;
				CLANG_WARN_INT_CONVERSION = YES;
				CLANG_WARN_OBJC_ROOT_CLASS = YES_ERROR;
				CLANG_WARN_SUSPICIOUS_MOVE = YES;
				CLANG_WARN_UNREACHABLE_CODE = YES;
				CLANG_WARN__DUPLICATE_METHOD_MATCH = YES;
				"CODE_SIGN_IDENTITY[sdk=iphoneos*]" = "iPhone Developer";
				COPY_PHASE_STRIP = NO;
				DEBUG_INFORMATION_FORMAT = "dwarf-with-dsym";
				ENABLE_NS_ASSERTIONS = NO;
				ENABLE_STRICT_OBJC_MSGSEND = YES;
				GCC_C_LANGUAGE_STANDARD = gnu99;
				GCC_NO_COMMON_BLOCKS = YES;
				GCC_WARN_64_TO_32_BIT_CONVERSION = YES;
				GCC_WARN_ABOUT_RETURN_TYPE = YES_ERROR;
				GCC_WARN_UNDECLARED_SELECTOR = YES;
				GCC_WARN_UNINITIALIZED_AUTOS = YES_AGGRESSIVE;
				GCC_WARN_UNUSED_FUNCTION = YES;
				GCC_WARN_UNUSED_VARIABLE = YES;
				IPHONEOS_DEPLOYMENT_TARGET = 10.2;
				MTL_ENABLE_DEBUG_INFO = NO;
				SDKROOT = iphoneos;
				TARGETED_DEVICE_FAMILY = "1,2";
				VALIDATE_PRODUCT = YES;
			};
			name = Release;
		};
		83C31BA41E173122009B66B2 /* Debug */ = {
			isa = XCBuildConfiguration;
			buildSettings = {
				ASSETCATALOG_COMPILER_APPICON_NAME = AppIcon;
				INFOPLIST_FILE = FlightTracker/Info.plist;
				LD_RUNPATH_SEARCH_PATHS = "$(inherited) @executable_path/Frameworks";
				PRODUCT_BUNDLE_IDENTIFIER = FlightTrack.FlightTracker;
				PRODUCT_NAME = "$(TARGET_NAME)";
			};
			name = Debug;
		};
		83C31BA51E173122009B66B2 /* Release */ = {
			isa = XCBuildConfiguration;
			buildSettings = {
				ASSETCATALOG_COMPILER_APPICON_NAME = AppIcon;
				INFOPLIST_FILE = FlightTracker/Info.plist;
				LD_RUNPATH_SEARCH_PATHS = "$(inherited) @executable_path/Frameworks";
				PRODUCT_BUNDLE_IDENTIFIER = FlightTrack.FlightTracker;
				PRODUCT_NAME = "$(TARGET_NAME)";
			};
			name = Release;
		};
		83C31BA71E173122009B66B2 /* Debug */ = {
			isa = XCBuildConfiguration;
			buildSettings = {
				BUNDLE_LOADER = "$(TEST_HOST)";
				INFOPLIST_FILE = FlightTrackerTests/Info.plist;
				LD_RUNPATH_SEARCH_PATHS = "$(inherited) @executable_path/Frameworks @loader_path/Frameworks";
				PRODUCT_BUNDLE_IDENTIFIER = FlightTrack.FlightTrackerTests;
				PRODUCT_NAME = "$(TARGET_NAME)";
				TEST_HOST = "$(BUILT_PRODUCTS_DIR)/FlightTracker.app/FlightTracker";
			};
			name = Debug;
		};
		83C31BA81E173122009B66B2 /* Release */ = {
			isa = XCBuildConfiguration;
			buildSettings = {
				BUNDLE_LOADER = "$(TEST_HOST)";
				INFOPLIST_FILE = FlightTrackerTests/Info.plist;
				LD_RUNPATH_SEARCH_PATHS = "$(inherited) @executable_path/Frameworks @loader_path/Frameworks";
				PRODUCT_BUNDLE_IDENTIFIER = FlightTrack.FlightTrackerTests;
				PRODUCT_NAME = "$(TARGET_NAME)";
				TEST_HOST = "$(BUILT_PRODUCTS_DIR)/FlightTracker.app/FlightTracker";
			};
			name = Release;
		};
		83C31BAA1E173122009B66B2 /* Debug */ = {
			isa = XCBuildConfiguration;
			buildSettings = {
				INFOPLIST_FILE = FlightTrackerUITests/Info.plist;
				LD_RUNPATH_SEARCH_PATHS = "$(inherited) @executable_path/Frameworks @loader_path/Frameworks";
				PRODUCT_BUNDLE_IDENTIFIER = FlightTrack.FlightTrackerUITests;
				PRODUCT_NAME = "$(TARGET_NAME)";
				TEST_TARGET_NAME = FlightTracker;
			};
			name = Debug;
		};
		83C31BAB1E173122009B66B2 /* Release */ = {
			isa = XCBuildConfiguration;
			buildSettings = {
				INFOPLIST_FILE = FlightTrackerUITests/Info.plist;
				LD_RUNPATH_SEARCH_PATHS = "$(inherited) @executable_path/Frameworks @loader_path/Frameworks";
				PRODUCT_BUNDLE_IDENTIFIER = FlightTrack.FlightTrackerUITests;
				PRODUCT_NAME = "$(TARGET_NAME)";
				TEST_TARGET_NAME = FlightTracker;
			};
			name = Release;
		};
/* End XCBuildConfiguration section */

/* Begin XCConfigurationList section */
		83C31B711E173121009B66B2 /* Build configuration list for PBXProject "FlightTracker" */ = {
			isa = XCConfigurationList;
			buildConfigurations = (
				83C31BA11E173122009B66B2 /* Debug */,
				83C31BA21E173122009B66B2 /* Release */,
			);
			defaultConfigurationIsVisible = 0;
			defaultConfigurationName = Release;
		};
		83C31BA31E173122009B66B2 /* Build configuration list for PBXNativeTarget "FlightTracker" */ = {
			isa = XCConfigurationList;
			buildConfigurations = (
				83C31BA41E173122009B66B2 /* Debug */,
				83C31BA51E173122009B66B2 /* Release */,
			);
			defaultConfigurationIsVisible = 0;
		};
		83C31BA61E173122009B66B2 /* Build configuration list for PBXNativeTarget "FlightTrackerTests" */ = {
			isa = XCConfigurationList;
			buildConfigurations = (
				83C31BA71E173122009B66B2 /* Debug */,
				83C31BA81E173122009B66B2 /* Release */,
			);
			defaultConfigurationIsVisible = 0;
		};
		83C31BA91E173122009B66B2 /* Build configuration list for PBXNativeTarget "FlightTrackerUITests" */ = {
			isa = XCConfigurationList;
			buildConfigurations = (
				83C31BAA1E173122009B66B2 /* Debug */,
				83C31BAB1E173122009B66B2 /* Release */,
			);
			defaultConfigurationIsVisible = 0;
		};
/* End XCConfigurationList section */
	};
	rootObject = 83C31B6E1E173121009B66B2 /* Project object */;
}
